
Microsoft Visual Studio Solution File, Format Version 12.00
# Visual Studio 15
VisualStudioVersion = 15.0.27703.2047
MinimumVisualStudioVersion = 10.0.40219.1
Project("{FAE04EC0-301F-11D3-BF4B-00C04F79EFBC}") = "Class01", "Class01\Class01.csproj", "{4D8A910B-509E-4C39-AD90-83E2F777B908}"
EndProject
Global
	GlobalSection(SolutionConfigurationPlatforms) = preSolution
		Debug|Any CPU = Debug|Any CPU
		Release|Any CPU = Release|Any CPU
	EndGlobalSection
	GlobalSection(ProjectConfigurationPlatforms) = postSolution
		{4D8A910B-509E-4C39-AD90-83E2F777B908}.Debug|Any CPU.ActiveCfg = Debug|Any CPU
		{4D8A910B-509E-4C39-AD90-83E2F777B908}.Debug|Any CPU.Build.0 = Debug|Any CPU
		{4D8A910B-509E-4C39-AD90-83E2F777B908}.Release|Any CPU.ActiveCfg = Release|Any CPU
		{4D8A910B-509E-4C39-AD90-83E2F777B908}.Release|Any CPU.Build.0 = Release|Any CPU
	EndGlobalSection
	GlobalSection(SolutionProperties) = preSolution
		HideSolutionNode = FALSE
	EndGlobalSection
	GlobalSection(ExtensibilityGlobals) = postSolution
		SolutionGuid = {BD71F0B3-6A30-45F5-BBE8-B7E37BBD6DFB}
	EndGlobalSection
EndGlobal
